{
  "name": "beacons",
  "version": "1.0.0",
  "lockfileVersion": 2,
  "requires": true,
  "packages": {
    "": {
      "name": "beacons",
      "version": "1.0.0",
      "license": "ISC",
      "dependencies": {
        "leaflet": "^1.9.1"
      },
      "devDependencies": {
        "@types/leaflet": "^1.8.0"
      }
    },
    "node_modules/@types/geojson": {
      "version": "7946.0.10",
      "resolved": "https://registry.npmjs.org/@types/geojson/-/geojson-7946.0.10.tgz",
      "integrity": "sha512-Nmh0K3iWQJzniTuPRcJn5hxXkfB1T1pgB89SBig5PlJQU5yocazeu4jATJlaA0GYFKWMqDdvYemoSnF2pXgLVA==",
      "dev": true
    },
    "node_modules/@types/leaflet": {
      "version": "1.8.0",
      "resolved": "https://registry.npmjs.org/@types/leaflet/-/leaflet-1.8.0.tgz",
      "integrity": "sha512-+sXFmiJTFdhaXXIGFlV5re9AdqtAODoXbGAvxx02e5SHXL3ir7ClP5J7pahO8VmzKY3dth4RUS1nf2BTT+DW1A==",
      "dev": true,
      "dependencies": {
        "@types/geojson": "*"
      }
    },
    "node_modules/leaflet": {
      "version": "1.9.1",
      "resolved": "https://registry.npmjs.org/leaflet/-/leaflet-1.9.1.tgz",
      "integrity": "sha512-5FcDAMTLAuOq0RisQQbTFatl8Sl4bM0gMrBfuHbl7CYbYJv45BfCS8oU3T644MLjleBq1Ncq541QEA1pqUGTFA=="
    }
  },
  "dependencies": {
    "@types/geojson": {
      "version": "7946.0.10",
      "resolved": "https://registry.npmjs.org/@types/geojson/-/geojson-7946.0.10.tgz",
      "integrity": "sha512-Nmh0K3iWQJzniTuPRcJn5hxXkfB1T1pgB89SBig5PlJQU5yocazeu4jATJlaA0GYFKWMqDdvYemoSnF2pXgLVA==",
      "dev": true
    },
    "@types/leaflet": {
      "version": "1.8.0",
      "resolved": "https://registry.npmjs.org/@types/leaflet/-/leaflet-1.8.0.tgz",
      "integrity": "sha512-+sXFmiJTFdhaXXIGFlV5re9AdqtAODoXbGAvxx02e5SHXL3ir7ClP5J7pahO8VmzKY3dth4RUS1nf2BTT+DW1A==",
      "dev": true,
      "requires": {
        "@types/geojson": "*"
      }
    },
    "leaflet": {
      "version": "1.9.1",
      "resolved": "https://registry.npmjs.org/leaflet/-/leaflet-1.9.1.tgz",
      "integrity": "sha512-5FcDAMTLAuOq0RisQQbTFatl8Sl4bM0gMrBfuHbl7CYbYJv45BfCS8oU3T644MLjleBq1Ncq541QEA1pqUGTFA=="
    }
  }
}
